
Microsoft Visual Studio Solution File, Format Version 12.00
# Visual Studio Version 17
VisualStudioVersion = 17.5.002.0
MinimumVisualStudioVersion = 10.0.40219.1
Project("{9A19103F-16F7-4668-BE54-9A1E7A4F7556}") = "Lab3", "Lab3\Lab3.csproj", "{6FF07AE7-184D-4631-A9C9-CB31C3D4BB39}"
EndProject
Project("{9A19103F-16F7-4668-BE54-9A1E7A4F7556}") = "Lab3Tests", "Lab3Tests\Lab3Tests.csproj", "{2F48E888-F42F-4DCB-9CEF-D590D94B12D4}"
EndProject
Project("{FAE04EC0-301F-11D3-BF4B-00C04F79EFBC}") = "Lab3_", "Lab3_\Lab3_.csproj", "{315AD15B-9A24-456C-A6A9-D36E8285F1D9}"
EndProject
Global
	GlobalSection(SolutionConfigurationPlatforms) = preSolution
		Debug|Any CPU = Debug|Any CPU
		Release|Any CPU = Release|Any CPU
	EndGlobalSection
	GlobalSection(ProjectConfigurationPlatforms) = postSolution
		{6FF07AE7-184D-4631-A9C9-CB31C3D4BB39}.Debug|Any CPU.ActiveCfg = Debug|Any CPU
		{6FF07AE7-184D-4631-A9C9-CB31C3D4BB39}.Debug|Any CPU.Build.0 = Debug|Any CPU
		{6FF07AE7-184D-4631-A9C9-CB31C3D4BB39}.Release|Any CPU.ActiveCfg = Release|Any CPU
		{6FF07AE7-184D-4631-A9C9-CB31C3D4BB39}.Release|Any CPU.Build.0 = Release|Any CPU
		{2F48E888-F42F-4DCB-9CEF-D590D94B12D4}.Debug|Any CPU.ActiveCfg = Debug|Any CPU
		{2F48E888-F42F-4DCB-9CEF-D590D94B12D4}.Debug|Any CPU.Build.0 = Debug|Any CPU
		{2F48E888-F42F-4DCB-9CEF-D590D94B12D4}.Release|Any CPU.ActiveCfg = Release|Any CPU
		{2F48E888-F42F-4DCB-9CEF-D590D94B12D4}.Release|Any CPU.Build.0 = Release|Any CPU
		{315AD15B-9A24-456C-A6A9-D36E8285F1D9}.Debug|Any CPU.ActiveCfg = Debug|Any CPU
		{315AD15B-9A24-456C-A6A9-D36E8285F1D9}.Debug|Any CPU.Build.0 = Debug|Any CPU
		{315AD15B-9A24-456C-A6A9-D36E8285F1D9}.Release|Any CPU.ActiveCfg = Release|Any CPU
		{315AD15B-9A24-456C-A6A9-D36E8285F1D9}.Release|Any CPU.Build.0 = Release|Any CPU
	EndGlobalSection
	GlobalSection(SolutionProperties) = preSolution
		HideSolutionNode = FALSE
	EndGlobalSection
	GlobalSection(ExtensibilityGlobals) = postSolution
		SolutionGuid = {7608833A-F664-4F91-9886-0253C5B2572A}
	EndGlobalSection
EndGlobal
